// !$*UTF8*$!
{
	archiveVersion = 1;
	classes = {
	};
	objectVersion = 51;
	objects = {

/* Begin PBXBuildFile section */
		20014EB2256D79FA00E30E33 /* RegisterNewChar.swift in Sources */ = {isa = PBXBuildFile; fileRef = 20014EB1256D79FA00E30E33 /* RegisterNewChar.swift */; };
		20014EBA256DA26600E30E33 /* Players.swift in Sources */ = {isa = PBXBuildFile; fileRef = 20014EB9256DA26600E30E33 /* Players.swift */; };
		2006D6EF256464B900259338 /* Nib.swift in Sources */ = {isa = PBXBuildFile; fileRef = 2006D6EE256464B900259338 /* Nib.swift */; };
		2006D6F3256469F800259338 /* UserSettings.swift in Sources */ = {isa = PBXBuildFile; fileRef = 2006D6F2256469F800259338 /* UserSettings.swift */; };
		2006D6F725646A3D00259338 /* UserSettings+Key.swift in Sources */ = {isa = PBXBuildFile; fileRef = 2006D6F625646A3D00259338 /* UserSettings+Key.swift */; };
		2006D70725646D4A00259338 /* Constant.swift in Sources */ = {isa = PBXBuildFile; fileRef = 2006D70625646D4A00259338 /* Constant.swift */; };
		2006D70A25646D9100259338 /* Constant+Block.swift in Sources */ = {isa = PBXBuildFile; fileRef = 2006D70925646D9100259338 /* Constant+Block.swift */; };
		2006D71425646E8400259338 /* Constant+StatusCode.swift in Sources */ = {isa = PBXBuildFile; fileRef = 2006D71325646E8400259338 /* Constant+StatusCode.swift */; };
		2006D719256470D800259338 /* Localizable.strings in Resources */ = {isa = PBXBuildFile; fileRef = 2006D71B256470D800259338 /* Localizable.strings */; };
		2006D723256472D100259338 /* InfoPlist.strings in Resources */ = {isa = PBXBuildFile; fileRef = 2006D725256472D100259338 /* InfoPlist.strings */; };
		2006D72F256473CF00259338 /* DataOperation.swift in Sources */ = {isa = PBXBuildFile; fileRef = 2006D72E256473CF00259338 /* DataOperation.swift */; };
		2006D7332564753900259338 /* User.swift in Sources */ = {isa = PBXBuildFile; fileRef = 2006D7322564753900259338 /* User.swift */; };
		2006D737256476E500259338 /* String.swift in Sources */ = {isa = PBXBuildFile; fileRef = 2006D736256476E500259338 /* String.swift */; };
		200A6658254E1A3E00B74B48 /* AppDelegate.swift in Sources */ = {isa = PBXBuildFile; fileRef = 200A6657254E1A3E00B74B48 /* AppDelegate.swift */; };
		200A665A254E1A3E00B74B48 /* SceneDelegate.swift in Sources */ = {isa = PBXBuildFile; fileRef = 200A6659254E1A3E00B74B48 /* SceneDelegate.swift */; };
		200A665F254E1A3E00B74B48 /* Login.storyboard in Resources */ = {isa = PBXBuildFile; fileRef = 200A665D254E1A3E00B74B48 /* Login.storyboard */; };
		200A6662254E1A3E00B74B48 /* LoggerWorld.xcdatamodeld in Sources */ = {isa = PBXBuildFile; fileRef = 200A6660254E1A3E00B74B48 /* LoggerWorld.xcdatamodeld */; };
		200A6664254E1A4000B74B48 /* Assets.xcassets in Resources */ = {isa = PBXBuildFile; fileRef = 200A6663254E1A4000B74B48 /* Assets.xcassets */; };
		200A6667254E1A4000B74B48 /* LaunchScreen.storyboard in Resources */ = {isa = PBXBuildFile; fileRef = 200A6665254E1A4000B74B48 /* LaunchScreen.storyboard */; };
		203045EA254F671400F9CA88 /* PlayerRegistration.swift in Sources */ = {isa = PBXBuildFile; fileRef = 203045E9254F671400F9CA88 /* PlayerRegistration.swift */; };
		203045ED2550AA9A00F9CA88 /* SocketManager.swift in Sources */ = {isa = PBXBuildFile; fileRef = 203045EC2550AA9A00F9CA88 /* SocketManager.swift */; };
		203045F12550AD9800F9CA88 /* PlayerLogin.swift in Sources */ = {isa = PBXBuildFile; fileRef = 203045F02550AD9800F9CA88 /* PlayerLogin.swift */; };
		203045F42550ADDE00F9CA88 /* Credentials.swift in Sources */ = {isa = PBXBuildFile; fileRef = 203045F32550ADDE00F9CA88 /* Credentials.swift */; };
		2037F4B2256DAE2000F5F838 /* Data.swift in Sources */ = {isa = PBXBuildFile; fileRef = 2037F4B1256DAE2000F5F838 /* Data.swift */; };
		2039559A25645C13004D84C2 /* AlertView.xib in Resources */ = {isa = PBXBuildFile; fileRef = 2039559925645C13004D84C2 /* AlertView.xib */; };
		203955A025645E0B004D84C2 /* AlertView.swift in Sources */ = {isa = PBXBuildFile; fileRef = 2039559F25645E0B004D84C2 /* AlertView.swift */; };
		2045962025601FB6004793C5 /* SelectCharToPlay.storyboard in Resources */ = {isa = PBXBuildFile; fileRef = 2045961F25601FB6004793C5 /* SelectCharToPlay.storyboard */; };
		2045962325601FCA004793C5 /* SelectCharToPlayController.swift in Sources */ = {isa = PBXBuildFile; fileRef = 2045962225601FCA004793C5 /* SelectCharToPlayController.swift */; };
		204F9D172568193B00AB51B6 /* CharStatusBar.swift in Sources */ = {isa = PBXBuildFile; fileRef = 204F9D162568193B00AB51B6 /* CharStatusBar.swift */; };
		204F9D1A2568195400AB51B6 /* CharStatusBar.xib in Resources */ = {isa = PBXBuildFile; fileRef = 204F9D192568195400AB51B6 /* CharStatusBar.xib */; };
		204F9D212568216600AB51B6 /* ButtonWImage.xib in Resources */ = {isa = PBXBuildFile; fileRef = 206577B42568030900E57E82 /* ButtonWImage.xib */; };
		204F9D2425682A2300AB51B6 /* CreateChar.storyboard in Resources */ = {isa = PBXBuildFile; fileRef = 204F9D2325682A2300AB51B6 /* CreateChar.storyboard */; };
		204F9D2725682A3400AB51B6 /* CreateCharController.swift in Sources */ = {isa = PBXBuildFile; fileRef = 204F9D2625682A3400AB51B6 /* CreateCharController.swift */; };
		20598630256090C40028ACD3 /* AddCharCell.swift in Sources */ = {isa = PBXBuildFile; fileRef = 2059862E256090C40028ACD3 /* AddCharCell.swift */; };
		20598631256090C40028ACD3 /* AddCharCell.xib in Resources */ = {isa = PBXBuildFile; fileRef = 2059862F256090C40028ACD3 /* AddCharCell.xib */; };
		206577A025670FC500E57E82 /* R.generated.swift in Sources */ = {isa = PBXBuildFile; fileRef = 2065779F25670FC500E57E82 /* R.generated.swift */; };
		206577B2256802D300E57E82 /* ButtonWImage.swift in Sources */ = {isa = PBXBuildFile; fileRef = 206577B1256802D300E57E82 /* ButtonWImage.swift */; };
		2071A5D6257445CC009F5768 /* LocationInfo.swift in Sources */ = {isa = PBXBuildFile; fileRef = 2071A5D5257445CC009F5768 /* LocationInfo.swift */; };
		20766EE8256055F300AEDE8D /* CharacterPickCell.swift in Sources */ = {isa = PBXBuildFile; fileRef = 20766EE6256055F300AEDE8D /* CharacterPickCell.swift */; };
		20766EE9256055F300AEDE8D /* CharacterPickCell.xib in Resources */ = {isa = PBXBuildFile; fileRef = 20766EE7256055F300AEDE8D /* CharacterPickCell.xib */; };
		20766EEC2560734400AEDE8D /* CharInfo.swift in Sources */ = {isa = PBXBuildFile; fileRef = 20766EEB2560734400AEDE8D /* CharInfo.swift */; };
		2088CEBC25631B7700DC4D36 /* RegisterController.swift in Sources */ = {isa = PBXBuildFile; fileRef = 2088CEBB25631B7700DC4D36 /* RegisterController.swift */; };
		2088CEC125631C6800DC4D36 /* Validator.swift in Sources */ = {isa = PBXBuildFile; fileRef = 2088CEC025631C6800DC4D36 /* Validator.swift */; };
		20AC57AC2565096300392C87 /* API.swift in Sources */ = {isa = PBXBuildFile; fileRef = 20AC57AB2565096300392C87 /* API.swift */; };
		20AC57B225650B6300392C87 /* Network.swift in Sources */ = {isa = PBXBuildFile; fileRef = 20AC57B125650B6300392C87 /* Network.swift */; };
		20AC57B7256519DA00392C87 /* ErrorHandler.swift in Sources */ = {isa = PBXBuildFile; fileRef = 20AC57B6256519DA00392C87 /* ErrorHandler.swift */; };
		20AC57BA256519FB00392C87 /* ErrorHandler+Key.swift in Sources */ = {isa = PBXBuildFile; fileRef = 20AC57B9256519FB00392C87 /* ErrorHandler+Key.swift */; };
		20AC57BD25651A0C00392C87 /* ErrorHandler+Mappable.swift in Sources */ = {isa = PBXBuildFile; fileRef = 20AC57BC25651A0C00392C87 /* ErrorHandler+Mappable.swift */; };
		20AC57C025651A1E00392C87 /* ErrorHandler+Message.swift in Sources */ = {isa = PBXBuildFile; fileRef = 20AC57BF25651A1E00392C87 /* ErrorHandler+Message.swift */; };
		20AD37E5256281F800F9C1B5 /* CATransition.swift in Sources */ = {isa = PBXBuildFile; fileRef = 20AD37E4256281F800F9C1B5 /* CATransition.swift */; };
		20AD37E9256292DA00F9C1B5 /* UI.swift in Sources */ = {isa = PBXBuildFile; fileRef = 20AD37E8256292DA00F9C1B5 /* UI.swift */; };
		20AD37EC2562931D00F9C1B5 /* UIViewController.swift in Sources */ = {isa = PBXBuildFile; fileRef = 20AD37EB2562931D00F9C1B5 /* UIViewController.swift */; };
		20AD37EF2562934A00F9C1B5 /* UIWindow.swift in Sources */ = {isa = PBXBuildFile; fileRef = 20AD37EE2562934A00F9C1B5 /* UIWindow.swift */; };
		20CB85D72566A61600237DAF /* LoggerTabBarController.swift in Sources */ = {isa = PBXBuildFile; fileRef = 20CB85D62566A61600237DAF /* LoggerTabBarController.swift */; };
		20CB85DB2566A65200237DAF /* MainLoggerController.swift in Sources */ = {isa = PBXBuildFile; fileRef = 20CB85DA2566A65200237DAF /* MainLoggerController.swift */; };
		20CB85DE2566A65F00237DAF /* MainLogger.storyboard in Resources */ = {isa = PBXBuildFile; fileRef = 20CB85DD2566A65F00237DAF /* MainLogger.storyboard */; };
		20CB85E32566A73000237DAF /* Assistive.storyboard in Resources */ = {isa = PBXBuildFile; fileRef = 20CB85E22566A73000237DAF /* Assistive.storyboard */; };
		20CB85E62566A74C00237DAF /* AssistiveController.swift in Sources */ = {isa = PBXBuildFile; fileRef = 20CB85E52566A74C00237DAF /* AssistiveController.swift */; };
		20CB85E92566C7BA00237DAF /* LoggerTabBar.storyboard in Resources */ = {isa = PBXBuildFile; fileRef = 20CB85EB2566C7BA00237DAF /* LoggerTabBar.storyboard */; };
		20CD1DD6255FE52F009F991D /* AlegreyaSC-Black.ttf in Resources */ = {isa = PBXBuildFile; fileRef = 20CD1DCC255FE52F009F991D /* AlegreyaSC-Black.ttf */; };
		20CD1DD9255FE52F009F991D /* AlegreyaSC-ExtraBold.ttf in Resources */ = {isa = PBXBuildFile; fileRef = 20CD1DCF255FE52F009F991D /* AlegreyaSC-ExtraBold.ttf */; };
		20CD1DDA255FE52F009F991D /* AlegreyaSC-Bold.ttf in Resources */ = {isa = PBXBuildFile; fileRef = 20CD1DD0255FE52F009F991D /* AlegreyaSC-Bold.ttf */; };
		20CD1DDC255FE52F009F991D /* AlegreyaSC-Medium.ttf in Resources */ = {isa = PBXBuildFile; fileRef = 20CD1DD2255FE52F009F991D /* AlegreyaSC-Medium.ttf */; };
		20CD1DDD255FE52F009F991D /* AlegreyaSC-Regular.ttf in Resources */ = {isa = PBXBuildFile; fileRef = 20CD1DD3255FE52F009F991D /* AlegreyaSC-Regular.ttf */; };
		20CD1DEA255FEAA8009F991D /* ButtonWOImage.xib in Resources */ = {isa = PBXBuildFile; fileRef = 20CD1DE9255FEAA8009F991D /* ButtonWOImage.xib */; };
		20CD1DED255FEB15009F991D /* ButtonWOImage.swift in Sources */ = {isa = PBXBuildFile; fileRef = 20CD1DEC255FEB15009F991D /* ButtonWOImage.swift */; };
		20CD1DF0255FF2AB009F991D /* ViewController.swift in Sources */ = {isa = PBXBuildFile; fileRef = 20CD1DEF255FF2AB009F991D /* ViewController.swift */; };
		20CD1DF4255FF45F009F991D /* LoginController.swift in Sources */ = {isa = PBXBuildFile; fileRef = 20CD1DF3255FF45F009F991D /* LoginController.swift */; };
		20CD1DF7255FF670009F991D /* NibLoadable.swift in Sources */ = {isa = PBXBuildFile; fileRef = 20CD1DF6255FF670009F991D /* NibLoadable.swift */; };
		20D388DD25602D4B00F18A07 /* ContentSizedTableView.swift in Sources */ = {isa = PBXBuildFile; fileRef = 20D388DC25602D4B00F18A07 /* ContentSizedTableView.swift */; };
		20EA049F254F115800AB85D1 /* ConstantsBroadcast.swift in Sources */ = {isa = PBXBuildFile; fileRef = 20EA049E254F115800AB85D1 /* ConstantsBroadcast.swift */; };
		20F577602552D43F003ED757 /* LoginSuccess.swift in Sources */ = {isa = PBXBuildFile; fileRef = 20F5775F2552D43F003ED757 /* LoginSuccess.swift */; };
		20F577662552DAD9003ED757 /* CreateChar.swift in Sources */ = {isa = PBXBuildFile; fileRef = 20F577652552DAD9003ED757 /* CreateChar.swift */; };
		20F5776D2552F8E8003ED757 /* CharIsCreated.swift in Sources */ = {isa = PBXBuildFile; fileRef = 20F5776C2552F8E8003ED757 /* CharIsCreated.swift */; };
		20F577702553565B003ED757 /* SelectChar.swift in Sources */ = {isa = PBXBuildFile; fileRef = 20F5776F2553565B003ED757 /* SelectChar.swift */; };
		D5CF21911C14376B450CF4E2 /* Pods_LoggerWorld.framework in Frameworks */ = {isa = PBXBuildFile; fileRef = D12AAA74F2C681B51A62DD0B /* Pods_LoggerWorld.framework */; };
/* End PBXBuildFile section */

/* Begin PBXFileReference section */
		20014EB1256D79FA00E30E33 /* RegisterNewChar.swift */ = {isa = PBXFileReference; lastKnownFileType = sourcecode.swift; path = RegisterNewChar.swift; sourceTree = "<group>"; };
		20014EB9256DA26600E30E33 /* Players.swift */ = {isa = PBXFileReference; lastKnownFileType = sourcecode.swift; path = Players.swift; sourceTree = "<group>"; };
		2006D6EE256464B900259338 /* Nib.swift */ = {isa = PBXFileReference; lastKnownFileType = sourcecode.swift; path = Nib.swift; sourceTree = "<group>"; };
		2006D6F2256469F800259338 /* UserSettings.swift */ = {isa = PBXFileReference; lastKnownFileType = sourcecode.swift; path = UserSettings.swift; sourceTree = "<group>"; };
		2006D6F625646A3D00259338 /* UserSettings+Key.swift */ = {isa = PBXFileReference; lastKnownFileType = sourcecode.swift; path = "UserSettings+Key.swift"; sourceTree = "<group>"; };
		2006D70625646D4A00259338 /* Constant.swift */ = {isa = PBXFileReference; lastKnownFileType = sourcecode.swift; path = Constant.swift; sourceTree = "<group>"; };
		2006D70925646D9100259338 /* Constant+Block.swift */ = {isa = PBXFileReference; lastKnownFileType = sourcecode.swift; path = "Constant+Block.swift"; sourceTree = "<group>"; };
		2006D71325646E8400259338 /* Constant+StatusCode.swift */ = {isa = PBXFileReference; lastKnownFileType = sourcecode.swift; path = "Constant+StatusCode.swift"; sourceTree = "<group>"; };
		2006D71A256470D800259338 /* en */ = {isa = PBXFileReference; lastKnownFileType = text.plist.strings; name = en; path = en.lproj/Localizable.strings; sourceTree = "<group>"; };
		2006D724256472D100259338 /* en */ = {isa = PBXFileReference; lastKnownFileType = text.plist.strings; name = en; path = en.lproj/InfoPlist.strings; sourceTree = "<group>"; };
		2006D72E256473CF00259338 /* DataOperation.swift */ = {isa = PBXFileReference; lastKnownFileType = sourcecode.swift; path = DataOperation.swift; sourceTree = "<group>"; };
		2006D7322564753900259338 /* User.swift */ = {isa = PBXFileReference; lastKnownFileType = sourcecode.swift; path = User.swift; sourceTree = "<group>"; };
		2006D736256476E500259338 /* String.swift */ = {isa = PBXFileReference; lastKnownFileType = sourcecode.swift; path = String.swift; sourceTree = "<group>"; };
		200A6654254E1A3E00B74B48 /* LoggerWorld.app */ = {isa = PBXFileReference; explicitFileType = wrapper.application; includeInIndex = 0; path = LoggerWorld.app; sourceTree = BUILT_PRODUCTS_DIR; };
		200A6657254E1A3E00B74B48 /* AppDelegate.swift */ = {isa = PBXFileReference; lastKnownFileType = sourcecode.swift; path = AppDelegate.swift; sourceTree = "<group>"; };
		200A6659254E1A3E00B74B48 /* SceneDelegate.swift */ = {isa = PBXFileReference; lastKnownFileType = sourcecode.swift; path = SceneDelegate.swift; sourceTree = "<group>"; };
		200A665E254E1A3E00B74B48 /* Base */ = {isa = PBXFileReference; lastKnownFileType = file.storyboard; name = Base; path = Base.lproj/Login.storyboard; sourceTree = "<group>"; };
		200A6661254E1A3E00B74B48 /* LoggerWorld.xcdatamodel */ = {isa = PBXFileReference; lastKnownFileType = wrapper.xcdatamodel; path = LoggerWorld.xcdatamodel; sourceTree = "<group>"; };
		200A6663254E1A4000B74B48 /* Assets.xcassets */ = {isa = PBXFileReference; lastKnownFileType = folder.assetcatalog; path = Assets.xcassets; sourceTree = "<group>"; };
		200A6666254E1A4000B74B48 /* Base */ = {isa = PBXFileReference; lastKnownFileType = file.storyboard; name = Base; path = Base.lproj/LaunchScreen.storyboard; sourceTree = "<group>"; };
		200A6668254E1A4000B74B48 /* Info.plist */ = {isa = PBXFileReference; lastKnownFileType = text.plist.xml; path = Info.plist; sourceTree = "<group>"; };
		203045E9254F671400F9CA88 /* PlayerRegistration.swift */ = {isa = PBXFileReference; lastKnownFileType = sourcecode.swift; path = PlayerRegistration.swift; sourceTree = "<group>"; };
		203045EC2550AA9A00F9CA88 /* SocketManager.swift */ = {isa = PBXFileReference; lastKnownFileType = sourcecode.swift; path = SocketManager.swift; sourceTree = "<group>"; };
		203045F02550AD9800F9CA88 /* PlayerLogin.swift */ = {isa = PBXFileReference; lastKnownFileType = sourcecode.swift; path = PlayerLogin.swift; sourceTree = "<group>"; };
		203045F32550ADDE00F9CA88 /* Credentials.swift */ = {isa = PBXFileReference; lastKnownFileType = sourcecode.swift; path = Credentials.swift; sourceTree = "<group>"; };
		2037F4B1256DAE2000F5F838 /* Data.swift */ = {isa = PBXFileReference; lastKnownFileType = sourcecode.swift; path = Data.swift; sourceTree = "<group>"; };
		2039559925645C13004D84C2 /* AlertView.xib */ = {isa = PBXFileReference; lastKnownFileType = file.xib; path = AlertView.xib; sourceTree = "<group>"; };
		2039559F25645E0B004D84C2 /* AlertView.swift */ = {isa = PBXFileReference; lastKnownFileType = sourcecode.swift; path = AlertView.swift; sourceTree = "<group>"; };
		2045961F25601FB6004793C5 /* SelectCharToPlay.storyboard */ = {isa = PBXFileReference; lastKnownFileType = file.storyboard; path = SelectCharToPlay.storyboard; sourceTree = "<group>"; };
		2045962225601FCA004793C5 /* SelectCharToPlayController.swift */ = {isa = PBXFileReference; lastKnownFileType = sourcecode.swift; path = SelectCharToPlayController.swift; sourceTree = "<group>"; };
		204F9D162568193B00AB51B6 /* CharStatusBar.swift */ = {isa = PBXFileReference; lastKnownFileType = sourcecode.swift; path = CharStatusBar.swift; sourceTree = "<group>"; };
		204F9D192568195400AB51B6 /* CharStatusBar.xib */ = {isa = PBXFileReference; lastKnownFileType = file.xib; path = CharStatusBar.xib; sourceTree = "<group>"; };
		204F9D2325682A2300AB51B6 /* CreateChar.storyboard */ = {isa = PBXFileReference; lastKnownFileType = file.storyboard; path = CreateChar.storyboard; sourceTree = "<group>"; };
		204F9D2625682A3400AB51B6 /* CreateCharController.swift */ = {isa = PBXFileReference; lastKnownFileType = sourcecode.swift; path = CreateCharController.swift; sourceTree = "<group>"; };
		2059862E256090C40028ACD3 /* AddCharCell.swift */ = {isa = PBXFileReference; lastKnownFileType = sourcecode.swift; path = AddCharCell.swift; sourceTree = "<group>"; };
		2059862F256090C40028ACD3 /* AddCharCell.xib */ = {isa = PBXFileReference; lastKnownFileType = file.xib; path = AddCharCell.xib; sourceTree = "<group>"; };
		2065779F25670FC500E57E82 /* R.generated.swift */ = {isa = PBXFileReference; fileEncoding = 4; lastKnownFileType = sourcecode.swift; path = R.generated.swift; sourceTree = SOURCE_ROOT; };
		206577B1256802D300E57E82 /* ButtonWImage.swift */ = {isa = PBXFileReference; lastKnownFileType = sourcecode.swift; path = ButtonWImage.swift; sourceTree = "<group>"; };
		206577B42568030900E57E82 /* ButtonWImage.xib */ = {isa = PBXFileReference; lastKnownFileType = file.xib; path = ButtonWImage.xib; sourceTree = "<group>"; };
		2071A5D5257445CC009F5768 /* LocationInfo.swift */ = {isa = PBXFileReference; lastKnownFileType = sourcecode.swift; path = LocationInfo.swift; sourceTree = "<group>"; };
		20766EE6256055F300AEDE8D /* CharacterPickCell.swift */ = {isa = PBXFileReference; lastKnownFileType = sourcecode.swift; path = CharacterPickCell.swift; sourceTree = "<group>"; };
		20766EE7256055F300AEDE8D /* CharacterPickCell.xib */ = {isa = PBXFileReference; lastKnownFileType = file.xib; path = CharacterPickCell.xib; sourceTree = "<group>"; };
		20766EEB2560734400AEDE8D /* CharInfo.swift */ = {isa = PBXFileReference; lastKnownFileType = sourcecode.swift; path = CharInfo.swift; sourceTree = "<group>"; };
		2088CEBB25631B7700DC4D36 /* RegisterController.swift */ = {isa = PBXFileReference; lastKnownFileType = sourcecode.swift; path = RegisterController.swift; sourceTree = "<group>"; };
		2088CEC025631C6800DC4D36 /* Validator.swift */ = {isa = PBXFileReference; lastKnownFileType = sourcecode.swift; path = Validator.swift; sourceTree = "<group>"; };
		20AC57AB2565096300392C87 /* API.swift */ = {isa = PBXFileReference; lastKnownFileType = sourcecode.swift; path = API.swift; sourceTree = "<group>"; };
		20AC57B125650B6300392C87 /* Network.swift */ = {isa = PBXFileReference; lastKnownFileType = sourcecode.swift; path = Network.swift; sourceTree = "<group>"; };
		20AC57B6256519DA00392C87 /* ErrorHandler.swift */ = {isa = PBXFileReference; lastKnownFileType = sourcecode.swift; path = ErrorHandler.swift; sourceTree = "<group>"; };
		20AC57B9256519FB00392C87 /* ErrorHandler+Key.swift */ = {isa = PBXFileReference; lastKnownFileType = sourcecode.swift; path = "ErrorHandler+Key.swift"; sourceTree = "<group>"; };
		20AC57BC25651A0C00392C87 /* ErrorHandler+Mappable.swift */ = {isa = PBXFileReference; lastKnownFileType = sourcecode.swift; path = "ErrorHandler+Mappable.swift"; sourceTree = "<group>"; };
		20AC57BF25651A1E00392C87 /* ErrorHandler+Message.swift */ = {isa = PBXFileReference; lastKnownFileType = sourcecode.swift; path = "ErrorHandler+Message.swift"; sourceTree = "<group>"; };
		20AD37E4256281F800F9C1B5 /* CATransition.swift */ = {isa = PBXFileReference; lastKnownFileType = sourcecode.swift; path = CATransition.swift; sourceTree = "<group>"; };
		20AD37E8256292DA00F9C1B5 /* UI.swift */ = {isa = PBXFileReference; lastKnownFileType = sourcecode.swift; path = UI.swift; sourceTree = "<group>"; };
		20AD37EB2562931D00F9C1B5 /* UIViewController.swift */ = {isa = PBXFileReference; lastKnownFileType = sourcecode.swift; path = UIViewController.swift; sourceTree = "<group>"; };
		20AD37EE2562934A00F9C1B5 /* UIWindow.swift */ = {isa = PBXFileReference; lastKnownFileType = sourcecode.swift; path = UIWindow.swift; sourceTree = "<group>"; };
		20CB85D62566A61600237DAF /* LoggerTabBarController.swift */ = {isa = PBXFileReference; lastKnownFileType = sourcecode.swift; path = LoggerTabBarController.swift; sourceTree = "<group>"; };
		20CB85DA2566A65200237DAF /* MainLoggerController.swift */ = {isa = PBXFileReference; lastKnownFileType = sourcecode.swift; path = MainLoggerController.swift; sourceTree = "<group>"; };
		20CB85DD2566A65F00237DAF /* MainLogger.storyboard */ = {isa = PBXFileReference; lastKnownFileType = file.storyboard; path = MainLogger.storyboard; sourceTree = "<group>"; };
		20CB85E22566A73000237DAF /* Assistive.storyboard */ = {isa = PBXFileReference; lastKnownFileType = file.storyboard; path = Assistive.storyboard; sourceTree = "<group>"; };
		20CB85E52566A74C00237DAF /* AssistiveController.swift */ = {isa = PBXFileReference; lastKnownFileType = sourcecode.swift; path = AssistiveController.swift; sourceTree = "<group>"; };
		20CB85EA2566C7BA00237DAF /* Base */ = {isa = PBXFileReference; lastKnownFileType = file.storyboard; name = Base; path = Base.lproj/LoggerTabBar.storyboard; sourceTree = "<group>"; };
		20CD1DCC255FE52F009F991D /* AlegreyaSC-Black.ttf */ = {isa = PBXFileReference; lastKnownFileType = file; name = "AlegreyaSC-Black.ttf"; path = "../../../../../../Downloads/Alegreya_SC/AlegreyaSC-Black.ttf"; sourceTree = "<group>"; };
		20CD1DCF255FE52F009F991D /* AlegreyaSC-ExtraBold.ttf */ = {isa = PBXFileReference; lastKnownFileType = file; name = "AlegreyaSC-ExtraBold.ttf"; path = "../../../../../../Downloads/Alegreya_SC/AlegreyaSC-ExtraBold.ttf"; sourceTree = "<group>"; };
		20CD1DD0255FE52F009F991D /* AlegreyaSC-Bold.ttf */ = {isa = PBXFileReference; lastKnownFileType = file; name = "AlegreyaSC-Bold.ttf"; path = "../../../../../../Downloads/Alegreya_SC/AlegreyaSC-Bold.ttf"; sourceTree = "<group>"; };
		20CD1DD2255FE52F009F991D /* AlegreyaSC-Medium.ttf */ = {isa = PBXFileReference; lastKnownFileType = file; name = "AlegreyaSC-Medium.ttf"; path = "../../../../../../Downloads/Alegreya_SC/AlegreyaSC-Medium.ttf"; sourceTree = "<group>"; };
		20CD1DD3255FE52F009F991D /* AlegreyaSC-Regular.ttf */ = {isa = PBXFileReference; lastKnownFileType = file; name = "AlegreyaSC-Regular.ttf"; path = "../../../../../../Downloads/Alegreya_SC/AlegreyaSC-Regular.ttf"; sourceTree = "<group>"; };
		20CD1DE9255FEAA8009F991D /* ButtonWOImage.xib */ = {isa = PBXFileReference; lastKnownFileType = file.xib; path = ButtonWOImage.xib; sourceTree = "<group>"; };
		20CD1DEC255FEB15009F991D /* ButtonWOImage.swift */ = {isa = PBXFileReference; lastKnownFileType = sourcecode.swift; path = ButtonWOImage.swift; sourceTree = "<group>"; };
		20CD1DEF255FF2AB009F991D /* ViewController.swift */ = {isa = PBXFileReference; lastKnownFileType = sourcecode.swift; path = ViewController.swift; sourceTree = "<group>"; };
		20CD1DF3255FF45F009F991D /* LoginController.swift */ = {isa = PBXFileReference; lastKnownFileType = sourcecode.swift; path = LoginController.swift; sourceTree = "<group>"; };
		20CD1DF6255FF670009F991D /* NibLoadable.swift */ = {isa = PBXFileReference; lastKnownFileType = sourcecode.swift; path = NibLoadable.swift; sourceTree = "<group>"; };
		20D388DC25602D4B00F18A07 /* ContentSizedTableView.swift */ = {isa = PBXFileReference; lastKnownFileType = sourcecode.swift; path = ContentSizedTableView.swift; sourceTree = "<group>"; };
		20EA049E254F115800AB85D1 /* ConstantsBroadcast.swift */ = {isa = PBXFileReference; lastKnownFileType = sourcecode.swift; path = ConstantsBroadcast.swift; sourceTree = "<group>"; };
		20F5775F2552D43F003ED757 /* LoginSuccess.swift */ = {isa = PBXFileReference; lastKnownFileType = sourcecode.swift; path = LoginSuccess.swift; sourceTree = "<group>"; };
		20F577652552DAD9003ED757 /* CreateChar.swift */ = {isa = PBXFileReference; lastKnownFileType = sourcecode.swift; path = CreateChar.swift; sourceTree = "<group>"; };
		20F5776C2552F8E8003ED757 /* CharIsCreated.swift */ = {isa = PBXFileReference; lastKnownFileType = sourcecode.swift; path = CharIsCreated.swift; sourceTree = "<group>"; };
		20F5776F2553565B003ED757 /* SelectChar.swift */ = {isa = PBXFileReference; lastKnownFileType = sourcecode.swift; path = SelectChar.swift; sourceTree = "<group>"; };
		73234B608739FB512201F178 /* Pods-LoggerWorld.release.xcconfig */ = {isa = PBXFileReference; includeInIndex = 1; lastKnownFileType = text.xcconfig; name = "Pods-LoggerWorld.release.xcconfig"; path = "Target Support Files/Pods-LoggerWorld/Pods-LoggerWorld.release.xcconfig"; sourceTree = "<group>"; };
		A3A0ECCFA063194E35A8A316 /* Pods-LoggerWorld.debug.xcconfig */ = {isa = PBXFileReference; includeInIndex = 1; lastKnownFileType = text.xcconfig; name = "Pods-LoggerWorld.debug.xcconfig"; path = "Target Support Files/Pods-LoggerWorld/Pods-LoggerWorld.debug.xcconfig"; sourceTree = "<group>"; };
		D12AAA74F2C681B51A62DD0B /* Pods_LoggerWorld.framework */ = {isa = PBXFileReference; explicitFileType = wrapper.framework; includeInIndex = 0; path = Pods_LoggerWorld.framework; sourceTree = BUILT_PRODUCTS_DIR; };
/* End PBXFileReference section */

/* Begin PBXFrameworksBuildPhase section */
		200A6651254E1A3E00B74B48 /* Frameworks */ = {
			isa = PBXFrameworksBuildPhase;
			buildActionMask = 2147483647;
			files = (
				D5CF21911C14376B450CF4E2 /* Pods_LoggerWorld.framework in Frameworks */,
			);
			runOnlyForDeploymentPostprocessing = 0;
		};
/* End PBXFrameworksBuildPhase section */

/* Begin PBXGroup section */
		0E183358ED6A002AC6C7C0EE /* Frameworks */ = {
			isa = PBXGroup;
			children = (
				D12AAA74F2C681B51A62DD0B /* Pods_LoggerWorld.framework */,
			);
			name = Frameworks;
			sourceTree = "<group>";
		};
		20014EB0256D79DF00E30E33 /* RegisterNewChar */ = {
			isa = PBXGroup;
			children = (
				20014EB1256D79FA00E30E33 /* RegisterNewChar.swift */,
			);
			path = RegisterNewChar;
			sourceTree = "<group>";
		};
		20014EB5256D9FD200E30E33 /* CharListToLogin */ = {
			isa = PBXGroup;
			children = (
				20014EB9256DA26600E30E33 /* Players.swift */,
			);
			path = CharListToLogin;
			sourceTree = "<group>";
		};
		2006D6F1256469DB00259338 /* UserSettings */ = {
			isa = PBXGroup;
			children = (
				2006D6F2256469F800259338 /* UserSettings.swift */,
				2006D6F625646A3D00259338 /* UserSettings+Key.swift */,
			);
			path = UserSettings;
			sourceTree = "<group>";
		};
		2006D6F925646BC800259338 /* API */ = {
			isa = PBXGroup;
			children = (
				20AC57AB2565096300392C87 /* API.swift */,
			);
			path = API;
			sourceTree = "<group>";
		};
		2006D70325646C9800259338 /* Network */ = {
			isa = PBXGroup;
			children = (
				20AC57B125650B6300392C87 /* Network.swift */,
			);
			path = Network;
			sourceTree = "<group>";
		};
		2006D70525646D3E00259338 /* Constant */ = {
			isa = PBXGroup;
			children = (
				2006D70625646D4A00259338 /* Constant.swift */,
				2006D70925646D9100259338 /* Constant+Block.swift */,
				2006D71325646E8400259338 /* Constant+StatusCode.swift */,
			);
			path = Constant;
			sourceTree = "<group>";
		};
		2006D71E2564726900259338 /* Localization */ = {
			isa = PBXGroup;
			children = (
				2006D71B256470D800259338 /* Localizable.strings */,
				2006D725256472D100259338 /* InfoPlist.strings */,
			);
			path = Localization;
			sourceTree = "<group>";
		};
		2006D72D256473BE00259338 /* Utils */ = {
			isa = PBXGroup;
			children = (
				2006D72E256473CF00259338 /* DataOperation.swift */,
			);
			path = Utils;
			sourceTree = "<group>";
		};
		2006D7312564752600259338 /* User */ = {
			isa = PBXGroup;
			children = (
				2006D7322564753900259338 /* User.swift */,
			);
			path = User;
			sourceTree = "<group>";
		};
		200A664B254E1A3E00B74B48 = {
			isa = PBXGroup;
			children = (
				200A6656254E1A3E00B74B48 /* LoggerWorld */,
				200A6655254E1A3E00B74B48 /* Products */,
				432AD9DBCA1E3920E9BA19C1 /* Pods */,
				0E183358ED6A002AC6C7C0EE /* Frameworks */,
			);
			sourceTree = "<group>";
		};
		200A6655254E1A3E00B74B48 /* Products */ = {
			isa = PBXGroup;
			children = (
				200A6654254E1A3E00B74B48 /* LoggerWorld.app */,
			);
			name = Products;
			sourceTree = "<group>";
		};
		200A6656254E1A3E00B74B48 /* LoggerWorld */ = {
			isa = PBXGroup;
			children = (
				20CB85D22566A26E00237DAF /* LoggerTabBar */,
				20CD1DE2255FE942009F991D /* UI */,
				2045961E25601F89004793C5 /* SelectCharToPlay */,
				20CD1DE1255FE914009F991D /* Login */,
				203045E8254F66F700F9CA88 /* Model */,
				20CD1DC8255FE50A009F991D /* Resources */,
				20AD37E3256281E400F9C1B5 /* Extensions */,
				2088CEBF25631C5700DC4D36 /* Services */,
				2006D72D256473BE00259338 /* Utils */,
				2006D70525646D3E00259338 /* Constant */,
				200A6657254E1A3E00B74B48 /* AppDelegate.swift */,
				2065779F25670FC500E57E82 /* R.generated.swift */,
				200A6659254E1A3E00B74B48 /* SceneDelegate.swift */,
				200A6663254E1A4000B74B48 /* Assets.xcassets */,
				200A6665254E1A4000B74B48 /* LaunchScreen.storyboard */,
				200A6668254E1A4000B74B48 /* Info.plist */,
				200A6660254E1A3E00B74B48 /* LoggerWorld.xcdatamodeld */,
				20EA049E254F115800AB85D1 /* ConstantsBroadcast.swift */,
				20CD1DF6255FF670009F991D /* NibLoadable.swift */,
				20D388DC25602D4B00F18A07 /* ContentSizedTableView.swift */,
			);
			path = LoggerWorld;
			sourceTree = "<group>";
		};
		203045E8254F66F700F9CA88 /* Model */ = {
			isa = PBXGroup;
			children = (
				20014EB5256D9FD200E30E33 /* CharListToLogin */,
				20014EB0256D79DF00E30E33 /* RegisterNewChar */,
				2006D7312564752600259338 /* User */,
				203045E9254F671400F9CA88 /* PlayerRegistration.swift */,
				203045F02550AD9800F9CA88 /* PlayerLogin.swift */,
				20F5775F2552D43F003ED757 /* LoginSuccess.swift */,
				203045F32550ADDE00F9CA88 /* Credentials.swift */,
				20F577652552DAD9003ED757 /* CreateChar.swift */,
				20F5776C2552F8E8003ED757 /* CharIsCreated.swift */,
				20F5776F2553565B003ED757 /* SelectChar.swift */,
				20766EEB2560734400AEDE8D /* CharInfo.swift */,
				2071A5D5257445CC009F5768 /* LocationInfo.swift */,
			);
			path = Model;
			sourceTree = "<group>";
		};
		2039559C25645C19004D84C2 /* Alert */ = {
			isa = PBXGroup;
			children = (
				2039559925645C13004D84C2 /* AlertView.xib */,
				2039559F25645E0B004D84C2 /* AlertView.swift */,
			);
			path = Alert;
			sourceTree = "<group>";
		};
		2045961E25601F89004793C5 /* SelectCharToPlay */ = {
			isa = PBXGroup;
			children = (
				20766EE5256055C900AEDE8D /* Cell */,
				2045961F25601FB6004793C5 /* SelectCharToPlay.storyboard */,
				2045962225601FCA004793C5 /* SelectCharToPlayController.swift */,
				204F9D2325682A2300AB51B6 /* CreateChar.storyboard */,
				204F9D2625682A3400AB51B6 /* CreateCharController.swift */,
			);
			path = SelectCharToPlay;
			sourceTree = "<group>";
		};
		206577A2256713E500E57E82 /* UI */ = {
			isa = PBXGroup;
			children = (
				204F9D162568193B00AB51B6 /* CharStatusBar.swift */,
				204F9D192568195400AB51B6 /* CharStatusBar.xib */,
			);
			path = UI;
			sourceTree = "<group>";
		};
		206577AC2568029800E57E82 /* ButtonWOImage */ = {
			isa = PBXGroup;
			children = (
				20CD1DE9255FEAA8009F991D /* ButtonWOImage.xib */,
				20CD1DEC255FEB15009F991D /* ButtonWOImage.swift */,
			);
			path = ButtonWOImage;
			sourceTree = "<group>";
		};
		206577AD256802A800E57E82 /* ButtonWImage */ = {
			isa = PBXGroup;
			children = (
				206577B42568030900E57E82 /* ButtonWImage.xib */,
				206577B1256802D300E57E82 /* ButtonWImage.swift */,
			);
			path = ButtonWImage;
			sourceTree = "<group>";
		};
		20766EE5256055C900AEDE8D /* Cell */ = {
			isa = PBXGroup;
			children = (
				20766EE6256055F300AEDE8D /* CharacterPickCell.swift */,
				20766EE7256055F300AEDE8D /* CharacterPickCell.xib */,
				2059862E256090C40028ACD3 /* AddCharCell.swift */,
				2059862F256090C40028ACD3 /* AddCharCell.xib */,
			);
			path = Cell;
			sourceTree = "<group>";
		};
		2088CEBF25631C5700DC4D36 /* Services */ = {
			isa = PBXGroup;
			children = (
				20AC57B5256519CE00392C87 /* ErrorHandler */,
				20CD1DDF255FE551009F991D /* Websockets */,
				2006D70325646C9800259338 /* Network */,
				2006D6F925646BC800259338 /* API */,
				2006D6F1256469DB00259338 /* UserSettings */,
				2088CEC025631C6800DC4D36 /* Validator.swift */,
				2006D6EE256464B900259338 /* Nib.swift */,
			);
			path = Services;
			sourceTree = "<group>";
		};
		20AC57B5256519CE00392C87 /* ErrorHandler */ = {
			isa = PBXGroup;
			children = (
				20AC57B6256519DA00392C87 /* ErrorHandler.swift */,
				20AC57B9256519FB00392C87 /* ErrorHandler+Key.swift */,
				20AC57BC25651A0C00392C87 /* ErrorHandler+Mappable.swift */,
				20AC57BF25651A1E00392C87 /* ErrorHandler+Message.swift */,
			);
			path = ErrorHandler;
			sourceTree = "<group>";
		};
		20AD37E3256281E400F9C1B5 /* Extensions */ = {
			isa = PBXGroup;
			children = (
				20AD37E4256281F800F9C1B5 /* CATransition.swift */,
				20AD37EB2562931D00F9C1B5 /* UIViewController.swift */,
				20AD37EE2562934A00F9C1B5 /* UIWindow.swift */,
				2006D736256476E500259338 /* String.swift */,
				2037F4B1256DAE2000F5F838 /* Data.swift */,
			);
			path = Extensions;
			sourceTree = "<group>";
		};
		20CB85D22566A26E00237DAF /* LoggerTabBar */ = {
			isa = PBXGroup;
			children = (
				206577A2256713E500E57E82 /* UI */,
				20CB85E02566A67A00237DAF /* Assistive */,
				20CB85D92566A62D00237DAF /* MainLogger */,
				20CB85EB2566C7BA00237DAF /* LoggerTabBar.storyboard */,
				20CB85D62566A61600237DAF /* LoggerTabBarController.swift */,
			);
			path = LoggerTabBar;
			sourceTree = "<group>";
		};
		20CB85D92566A62D00237DAF /* MainLogger */ = {
			isa = PBXGroup;
			children = (
				20CB85DD2566A65F00237DAF /* MainLogger.storyboard */,
				20CB85DA2566A65200237DAF /* MainLoggerController.swift */,
			);
			path = MainLogger;
			sourceTree = "<group>";
		};
		20CB85E02566A67A00237DAF /* Assistive */ = {
			isa = PBXGroup;
			children = (
				20CB85E22566A73000237DAF /* Assistive.storyboard */,
				20CB85E52566A74C00237DAF /* AssistiveController.swift */,
			);
			path = Assistive;
			sourceTree = "<group>";
		};
		20CD1DC8255FE50A009F991D /* Resources */ = {
			isa = PBXGroup;
			children = (
				2006D71E2564726900259338 /* Localization */,
				2039559C25645C19004D84C2 /* Alert */,
				20CD1DC9255FE511009F991D /* Fonts */,
				20AD37E8256292DA00F9C1B5 /* UI.swift */,
			);
			path = Resources;
			sourceTree = "<group>";
		};
		20CD1DC9255FE511009F991D /* Fonts */ = {
			isa = PBXGroup;
			children = (
				20CD1DCC255FE52F009F991D /* AlegreyaSC-Black.ttf */,
				20CD1DD0255FE52F009F991D /* AlegreyaSC-Bold.ttf */,
				20CD1DCF255FE52F009F991D /* AlegreyaSC-ExtraBold.ttf */,
				20CD1DD2255FE52F009F991D /* AlegreyaSC-Medium.ttf */,
				20CD1DD3255FE52F009F991D /* AlegreyaSC-Regular.ttf */,
			);
			path = Fonts;
			sourceTree = "<group>";
		};
		20CD1DDF255FE551009F991D /* Websockets */ = {
			isa = PBXGroup;
			children = (
				203045EC2550AA9A00F9CA88 /* SocketManager.swift */,
			);
			path = Websockets;
			sourceTree = "<group>";
		};
		20CD1DE1255FE914009F991D /* Login */ = {
			isa = PBXGroup;
			children = (
				200A665D254E1A3E00B74B48 /* Login.storyboard */,
				20CD1DF3255FF45F009F991D /* LoginController.swift */,
				2088CEBB25631B7700DC4D36 /* RegisterController.swift */,
			);
			path = Login;
			sourceTree = "<group>";
		};
		20CD1DE2255FE942009F991D /* UI */ = {
			isa = PBXGroup;
			children = (
				20CD1DE3255FE94D009F991D /* Buttons */,
				20CD1DEF255FF2AB009F991D /* ViewController.swift */,
			);
			path = UI;
			sourceTree = "<group>";
		};
		20CD1DE3255FE94D009F991D /* Buttons */ = {
			isa = PBXGroup;
			children = (
				206577AD256802A800E57E82 /* ButtonWImage */,
				206577AC2568029800E57E82 /* ButtonWOImage */,
			);
			path = Buttons;
			sourceTree = "<group>";
		};
		432AD9DBCA1E3920E9BA19C1 /* Pods */ = {
			isa = PBXGroup;
			children = (
				A3A0ECCFA063194E35A8A316 /* Pods-LoggerWorld.debug.xcconfig */,
				73234B608739FB512201F178 /* Pods-LoggerWorld.release.xcconfig */,
			);
			path = Pods;
			sourceTree = "<group>";
		};
/* End PBXGroup section */

/* Begin PBXNativeTarget section */
		200A6653254E1A3E00B74B48 /* LoggerWorld */ = {
			isa = PBXNativeTarget;
			buildConfigurationList = 200A666B254E1A4000B74B48 /* Build configuration list for PBXNativeTarget "LoggerWorld" */;
			buildPhases = (
				F2DCEBEC4D6730E64C76246B /* [CP] Check Pods Manifest.lock */,
				20D388D62560258D00F18A07 /* ShellScript */,
				200A6650254E1A3E00B74B48 /* Sources */,
				200A6651254E1A3E00B74B48 /* Frameworks */,
				200A6652254E1A3E00B74B48 /* Resources */,
				A6DC01C4FACE338F87A21393 /* [CP] Embed Pods Frameworks */,
			);
			buildRules = (
			);
			dependencies = (
			);
			name = LoggerWorld;
			productName = LoggerWorld;
			productReference = 200A6654254E1A3E00B74B48 /* LoggerWorld.app */;
			productType = "com.apple.product-type.application";
		};
/* End PBXNativeTarget section */

/* Begin PBXProject section */
		200A664C254E1A3E00B74B48 /* Project object */ = {
			isa = PBXProject;
			attributes = {
				LastSwiftUpdateCheck = 1210;
				LastUpgradeCheck = 1210;
				TargetAttributes = {
					200A6653254E1A3E00B74B48 = {
						CreatedOnToolsVersion = 12.1;
					};
				};
			};
			buildConfigurationList = 200A664F254E1A3E00B74B48 /* Build configuration list for PBXProject "LoggerWorld" */;
			compatibilityVersion = "Xcode 9.3";
			developmentRegion = en;
			hasScannedForEncodings = 0;
			knownRegions = (
				en,
				Base,
			);
			mainGroup = 200A664B254E1A3E00B74B48;
			productRefGroup = 200A6655254E1A3E00B74B48 /* Products */;
			projectDirPath = "";
			projectRoot = "";
			targets = (
				200A6653254E1A3E00B74B48 /* LoggerWorld */,
			);
		};
/* End PBXProject section */

/* Begin PBXResourcesBuildPhase section */
		200A6652254E1A3E00B74B48 /* Resources */ = {
			isa = PBXResourcesBuildPhase;
			buildActionMask = 2147483647;
			files = (
				200A6667254E1A4000B74B48 /* LaunchScreen.storyboard in Resources */,
				2006D723256472D100259338 /* InfoPlist.strings in Resources */,
				20CD1DDD255FE52F009F991D /* AlegreyaSC-Regular.ttf in Resources */,
				2045962025601FB6004793C5 /* SelectCharToPlay.storyboard in Resources */,
				20CB85DE2566A65F00237DAF /* MainLogger.storyboard in Resources */,
				204F9D1A2568195400AB51B6 /* CharStatusBar.xib in Resources */,
				20CD1DD6255FE52F009F991D /* AlegreyaSC-Black.ttf in Resources */,
				204F9D2425682A2300AB51B6 /* CreateChar.storyboard in Resources */,
				200A6664254E1A4000B74B48 /* Assets.xcassets in Resources */,
				20766EE9256055F300AEDE8D /* CharacterPickCell.xib in Resources */,
				2039559A25645C13004D84C2 /* AlertView.xib in Resources */,
				20598631256090C40028ACD3 /* AddCharCell.xib in Resources */,
				200A665F254E1A3E00B74B48 /* Login.storyboard in Resources */,
				20CB85E92566C7BA00237DAF /* LoggerTabBar.storyboard in Resources */,
				20CB85E32566A73000237DAF /* Assistive.storyboard in Resources */,
				2006D719256470D800259338 /* Localizable.strings in Resources */,
				204F9D212568216600AB51B6 /* ButtonWImage.xib in Resources */,
				20CD1DD9255FE52F009F991D /* AlegreyaSC-ExtraBold.ttf in Resources */,
				20CD1DDA255FE52F009F991D /* AlegreyaSC-Bold.ttf in Resources */,
				20CD1DEA255FEAA8009F991D /* ButtonWOImage.xib in Resources */,
				20CD1DDC255FE52F009F991D /* AlegreyaSC-Medium.ttf in Resources */,
			);
			runOnlyForDeploymentPostprocessing = 0;
		};
/* End PBXResourcesBuildPhase section */

/* Begin PBXShellScriptBuildPhase section */
		20D388D62560258D00F18A07 /* ShellScript */ = {
			isa = PBXShellScriptBuildPhase;
			buildActionMask = 2147483647;
			files = (
			);
			inputFileListPaths = (
			);
			inputPaths = (
				"$TEMP_DIR/rswift-lastrun",
			);
			outputFileListPaths = (
			);
			outputPaths = (
				$SRCROOT/R.generated.swift,
			);
			runOnlyForDeploymentPostprocessing = 0;
			shellPath = /bin/sh;
			shellScript = "# Type a script or drag a script file from your workspace to insert its path.\n\"$PODS_ROOT/R.swift/rswift\" generate \"$SRCROOT/R.generated.swift\"\n";
		};
		A6DC01C4FACE338F87A21393 /* [CP] Embed Pods Frameworks */ = {
			isa = PBXShellScriptBuildPhase;
			buildActionMask = 2147483647;
			files = (
			);
			inputFileListPaths = (
				"${PODS_ROOT}/Target Support Files/Pods-LoggerWorld/Pods-LoggerWorld-frameworks-${CONFIGURATION}-input-files.xcfilelist",
			);
			name = "[CP] Embed Pods Frameworks";
			outputFileListPaths = (
				"${PODS_ROOT}/Target Support Files/Pods-LoggerWorld/Pods-LoggerWorld-frameworks-${CONFIGURATION}-output-files.xcfilelist",
			);
			runOnlyForDeploymentPostprocessing = 0;
			shellPath = /bin/sh;
			shellScript = "\"${PODS_ROOT}/Target Support Files/Pods-LoggerWorld/Pods-LoggerWorld-frameworks.sh\"\n";
			showEnvVarsInLog = 0;
		};
		F2DCEBEC4D6730E64C76246B /* [CP] Check Pods Manifest.lock */ = {
			isa = PBXShellScriptBuildPhase;
			buildActionMask = 2147483647;
			files = (
			);
			inputFileListPaths = (
			);
			inputPaths = (
				"${PODS_PODFILE_DIR_PATH}/Podfile.lock",
				"${PODS_ROOT}/Manifest.lock",
			);
			name = "[CP] Check Pods Manifest.lock";
			outputFileListPaths = (
			);
			outputPaths = (
				"$(DERIVED_FILE_DIR)/Pods-LoggerWorld-checkManifestLockResult.txt",
			);
			runOnlyForDeploymentPostprocessing = 0;
			shellPath = /bin/sh;
			shellScript = "diff \"${PODS_PODFILE_DIR_PATH}/Podfile.lock\" \"${PODS_ROOT}/Manifest.lock\" > /dev/null\nif [ $? != 0 ] ; then\n    # print error to STDERR\n    echo \"error: The sandbox is not in sync with the Podfile.lock. Run 'pod install' or update your CocoaPods installation.\" >&2\n    exit 1\nfi\n# This output is used by Xcode 'outputs' to avoid re-running this script phase.\necho \"SUCCESS\" > \"${SCRIPT_OUTPUT_FILE_0}\"\n";
			showEnvVarsInLog = 0;
		};
/* End PBXShellScriptBuildPhase section */

/* Begin PBXSourcesBuildPhase section */
		200A6650254E1A3E00B74B48 /* Sources */ = {
			isa = PBXSourcesBuildPhase;
			buildActionMask = 2147483647;
			files = (
				20AD37EC2562931D00F9C1B5 /* UIViewController.swift in Sources */,
				2006D71425646E8400259338 /* Constant+StatusCode.swift in Sources */,
				2006D7332564753900259338 /* User.swift in Sources */,
				2088CEBC25631B7700DC4D36 /* RegisterController.swift in Sources */,
				20F5776D2552F8E8003ED757 /* CharIsCreated.swift in Sources */,
				20AD37E9256292DA00F9C1B5 /* UI.swift in Sources */,
				2006D6EF256464B900259338 /* Nib.swift in Sources */,
				20CD1DF0255FF2AB009F991D /* ViewController.swift in Sources */,
				2006D6F725646A3D00259338 /* UserSettings+Key.swift in Sources */,
				20D388DD25602D4B00F18A07 /* ContentSizedTableView.swift in Sources */,
				20F577702553565B003ED757 /* SelectChar.swift in Sources */,
				200A6662254E1A3E00B74B48 /* LoggerWorld.xcdatamodeld in Sources */,
				2071A5D6257445CC009F5768 /* LocationInfo.swift in Sources */,
				20CD1DF4255FF45F009F991D /* LoginController.swift in Sources */,
				20F577602552D43F003ED757 /* LoginSuccess.swift in Sources */,
				20014EBA256DA26600E30E33 /* Players.swift in Sources */,
				20766EEC2560734400AEDE8D /* CharInfo.swift in Sources */,
				203045F42550ADDE00F9CA88 /* Credentials.swift in Sources */,
				20CD1DF7255FF670009F991D /* NibLoadable.swift in Sources */,
				203045ED2550AA9A00F9CA88 /* SocketManager.swift in Sources */,
				20AC57BA256519FB00392C87 /* ErrorHandler+Key.swift in Sources */,
				203045F12550AD9800F9CA88 /* PlayerLogin.swift in Sources */,
				203045EA254F671400F9CA88 /* PlayerRegistration.swift in Sources */,
				20CB85D72566A61600237DAF /* LoggerTabBarController.swift in Sources */,
				20AD37E5256281F800F9C1B5 /* CATransition.swift in Sources */,
				2045962325601FCA004793C5 /* SelectCharToPlayController.swift in Sources */,
				20EA049F254F115800AB85D1 /* ConstantsBroadcast.swift in Sources */,
				200A6658254E1A3E00B74B48 /* AppDelegate.swift in Sources */,
				204F9D2725682A3400AB51B6 /* CreateCharController.swift in Sources */,
				206577A025670FC500E57E82 /* R.generated.swift in Sources */,
				2006D737256476E500259338 /* String.swift in Sources */,
				20AC57C025651A1E00392C87 /* ErrorHandler+Message.swift in Sources */,
				20CD1DED255FEB15009F991D /* ButtonWOImage.swift in Sources */,
				20F577662552DAD9003ED757 /* CreateChar.swift in Sources */,
				20766EE8256055F300AEDE8D /* CharacterPickCell.swift in Sources */,
				20AD37EF2562934A00F9C1B5 /* UIWindow.swift in Sources */,
				2006D72F256473CF00259338 /* DataOperation.swift in Sources */,
				20AC57AC2565096300392C87 /* API.swift in Sources */,
				200A665A254E1A3E00B74B48 /* SceneDelegate.swift in Sources */,
				203955A025645E0B004D84C2 /* AlertView.swift in Sources */,
				20AC57B7256519DA00392C87 /* ErrorHandler.swift in Sources */,
				20CB85E62566A74C00237DAF /* AssistiveController.swift in Sources */,
				20AC57BD25651A0C00392C87 /* ErrorHandler+Mappable.swift in Sources */,
				20CB85DB2566A65200237DAF /* MainLoggerController.swift in Sources */,
				20014EB2256D79FA00E30E33 /* RegisterNewChar.swift in Sources */,
				20AC57B225650B6300392C87 /* Network.swift in Sources */,
				2037F4B2256DAE2000F5F838 /* Data.swift in Sources */,
				20598630256090C40028ACD3 /* AddCharCell.swift in Sources */,
				2006D70725646D4A00259338 /* Constant.swift in Sources */,
				2088CEC125631C6800DC4D36 /* Validator.swift in Sources */,
				2006D6F3256469F800259338 /* UserSettings.swift in Sources */,
				204F9D172568193B00AB51B6 /* CharStatusBar.swift in Sources */,
				2006D70A25646D9100259338 /* Constant+Block.swift in Sources */,
				206577B2256802D300E57E82 /* ButtonWImage.swift in Sources */,
			);
			runOnlyForDeploymentPostprocessing = 0;
		};
/* End PBXSourcesBuildPhase section */

/* Begin PBXVariantGroup section */
		2006D71B256470D800259338 /* Localizable.strings */ = {
			isa = PBXVariantGroup;
			children = (
				2006D71A256470D800259338 /* en */,
			);
			name = Localizable.strings;
			sourceTree = "<group>";
		};
		2006D725256472D100259338 /* InfoPlist.strings */ = {
			isa = PBXVariantGroup;
			children = (
				2006D724256472D100259338 /* en */,
			);
			name = InfoPlist.strings;
			sourceTree = "<group>";
		};
		200A665D254E1A3E00B74B48 /* Login.storyboard */ = {
			isa = PBXVariantGroup;
			children = (
				200A665E254E1A3E00B74B48 /* Base */,
			);
			name = Login.storyboard;
			sourceTree = "<group>";
		};
		200A6665254E1A4000B74B48 /* LaunchScreen.storyboard */ = {
			isa = PBXVariantGroup;
			children = (
				200A6666254E1A4000B74B48 /* Base */,
			);
			name = LaunchScreen.storyboard;
			sourceTree = "<group>";
		};
		20CB85EB2566C7BA00237DAF /* LoggerTabBar.storyboard */ = {
			isa = PBXVariantGroup;
			children = (
				20CB85EA2566C7BA00237DAF /* Base */,
			);
			name = LoggerTabBar.storyboard;
			sourceTree = "<group>";
		};
/* End PBXVariantGroup section */

/* Begin XCBuildConfiguration section */
		200A6669254E1A4000B74B48 /* Debug */ = {
			isa = XCBuildConfiguration;
			buildSettings = {
				ALWAYS_SEARCH_USER_PATHS = NO;
				CLANG_ANALYZER_NONNULL = YES;
				CLANG_ANALYZER_NUMBER_OBJECT_CONVERSION = YES_AGGRESSIVE;
				CLANG_CXX_LANGUAGE_STANDARD = "gnu++14";
				CLANG_CXX_LIBRARY = "libc++";
				CLANG_ENABLE_MODULES = YES;
				CLANG_ENABLE_OBJC_ARC = YES;
				CLANG_ENABLE_OBJC_WEAK = YES;
				CLANG_WARN_BLOCK_CAPTURE_AUTORELEASING = YES;
				CLANG_WARN_BOOL_CONVERSION = YES;
				CLANG_WARN_COMMA = YES;
				CLANG_WARN_CONSTANT_CONVERSION = YES;
				CLANG_WARN_DEPRECATED_OBJC_IMPLEMENTATIONS = YES;
				CLANG_WARN_DIRECT_OBJC_ISA_USAGE = YES_ERROR;
				CLANG_WARN_DOCUMENTATION_COMMENTS = YES;
				CLANG_WARN_EMPTY_BODY = YES;
				CLANG_WARN_ENUM_CONVERSION = YES;
				CLANG_WARN_INFINITE_RECURSION = YES;
				CLANG_WARN_INT_CONVERSION = YES;
				CLANG_WARN_NON_LITERAL_NULL_CONVERSION = YES;
				CLANG_WARN_OBJC_IMPLICIT_RETAIN_SELF = YES;
				CLANG_WARN_OBJC_LITERAL_CONVERSION = YES;
				CLANG_WARN_OBJC_ROOT_CLASS = YES_ERROR;
				CLANG_WARN_QUOTED_INCLUDE_IN_FRAMEWORK_HEADER = YES;
				CLANG_WARN_RANGE_LOOP_ANALYSIS = YES;
				CLANG_WARN_STRICT_PROTOTYPES = YES;
				CLANG_WARN_SUSPICIOUS_MOVE = YES;
				CLANG_WARN_UNGUARDED_AVAILABILITY = YES_AGGRESSIVE;
				CLANG_WARN_UNREACHABLE_CODE = YES;
				CLANG_WARN__DUPLICATE_METHOD_MATCH = YES;
				COPY_PHASE_STRIP = NO;
				DEBUG_INFORMATION_FORMAT = dwarf;
				ENABLE_STRICT_OBJC_MSGSEND = YES;
				ENABLE_TESTABILITY = YES;
				GCC_C_LANGUAGE_STANDARD = gnu11;
				GCC_DYNAMIC_NO_PIC = NO;
				GCC_NO_COMMON_BLOCKS = YES;
				GCC_OPTIMIZATION_LEVEL = 0;
				GCC_PREPROCESSOR_DEFINITIONS = (
					"DEBUG=1",
					"$(inherited)",
				);
				GCC_WARN_64_TO_32_BIT_CONVERSION = YES;
				GCC_WARN_ABOUT_RETURN_TYPE = YES_ERROR;
				GCC_WARN_UNDECLARED_SELECTOR = YES;
				GCC_WARN_UNINITIALIZED_AUTOS = YES_AGGRESSIVE;
				GCC_WARN_UNUSED_FUNCTION = YES;
				GCC_WARN_UNUSED_VARIABLE = YES;
				IPHONEOS_DEPLOYMENT_TARGET = 14.1;
				MTL_ENABLE_DEBUG_INFO = INCLUDE_SOURCE;
				MTL_FAST_MATH = YES;
				ONLY_ACTIVE_ARCH = YES;
				SDKROOT = iphoneos;
				SWIFT_ACTIVE_COMPILATION_CONDITIONS = DEBUG;
				SWIFT_OPTIMIZATION_LEVEL = "-Onone";
			};
			name = Debug;
		};
		200A666A254E1A4000B74B48 /* Release */ = {
			isa = XCBuildConfiguration;
			buildSettings = {
				ALWAYS_SEARCH_USER_PATHS = NO;
				CLANG_ANALYZER_NONNULL = YES;
				CLANG_ANALYZER_NUMBER_OBJECT_CONVERSION = YES_AGGRESSIVE;
				CLANG_CXX_LANGUAGE_STANDARD = "gnu++14";
				CLANG_CXX_LIBRARY = "libc++";
				CLANG_ENABLE_MODULES = YES;
				CLANG_ENABLE_OBJC_ARC = YES;
				CLANG_ENABLE_OBJC_WEAK = YES;
				CLANG_WARN_BLOCK_CAPTURE_AUTORELEASING = YES;
				CLANG_WARN_BOOL_CONVERSION = YES;
				CLANG_WARN_COMMA = YES;
				CLANG_WARN_CONSTANT_CONVERSION = YES;
				CLANG_WARN_DEPRECATED_OBJC_IMPLEMENTATIONS = YES;
				CLANG_WARN_DIRECT_OBJC_ISA_USAGE = YES_ERROR;
				CLANG_WARN_DOCUMENTATION_COMMENTS = YES;
				CLANG_WARN_EMPTY_BODY = YES;
				CLANG_WARN_ENUM_CONVERSION = YES;
				CLANG_WARN_INFINITE_RECURSION = YES;
				CLANG_WARN_INT_CONVERSION = YES;
				CLANG_WARN_NON_LITERAL_NULL_CONVERSION = YES;
				CLANG_WARN_OBJC_IMPLICIT_RETAIN_SELF = YES;
				CLANG_WARN_OBJC_LITERAL_CONVERSION = YES;
				CLANG_WARN_OBJC_ROOT_CLASS = YES_ERROR;
				CLANG_WARN_QUOTED_INCLUDE_IN_FRAMEWORK_HEADER = YES;
				CLANG_WARN_RANGE_LOOP_ANALYSIS = YES;
				CLANG_WARN_STRICT_PROTOTYPES = YES;
				CLANG_WARN_SUSPICIOUS_MOVE = YES;
				CLANG_WARN_UNGUARDED_AVAILABILITY = YES_AGGRESSIVE;
				CLANG_WARN_UNREACHABLE_CODE = YES;
				CLANG_WARN__DUPLICATE_METHOD_MATCH = YES;
				COPY_PHASE_STRIP = NO;
				DEBUG_INFORMATION_FORMAT = "dwarf-with-dsym";
				ENABLE_NS_ASSERTIONS = NO;
				ENABLE_STRICT_OBJC_MSGSEND = YES;
				GCC_C_LANGUAGE_STANDARD = gnu11;
				GCC_NO_COMMON_BLOCKS = YES;
				GCC_WARN_64_TO_32_BIT_CONVERSION = YES;
				GCC_WARN_ABOUT_RETURN_TYPE = YES_ERROR;
				GCC_WARN_UNDECLARED_SELECTOR = YES;
				GCC_WARN_UNINITIALIZED_AUTOS = YES_AGGRESSIVE;
				GCC_WARN_UNUSED_FUNCTION = YES;
				GCC_WARN_UNUSED_VARIABLE = YES;
				IPHONEOS_DEPLOYMENT_TARGET = 14.1;
				MTL_ENABLE_DEBUG_INFO = NO;
				MTL_FAST_MATH = YES;
				SDKROOT = iphoneos;
				SWIFT_COMPILATION_MODE = wholemodule;
				SWIFT_OPTIMIZATION_LEVEL = "-O";
				VALIDATE_PRODUCT = YES;
			};
			name = Release;
		};
		200A666C254E1A4000B74B48 /* Debug */ = {
			isa = XCBuildConfiguration;
			baseConfigurationReference = A3A0ECCFA063194E35A8A316 /* Pods-LoggerWorld.debug.xcconfig */;
			buildSettings = {
				ASSETCATALOG_COMPILER_APPICON_NAME = AppIcon;
				ASSETCATALOG_COMPILER_GLOBAL_ACCENT_COLOR_NAME = AccentColor;
				CODE_SIGN_STYLE = Automatic;
				DEVELOPMENT_TEAM = XFZ2ZRANUN;
				INFOPLIST_FILE = LoggerWorld/Info.plist;
				IPHONEOS_DEPLOYMENT_TARGET = 14.0;
				LD_RUNPATH_SEARCH_PATHS = (
					"$(inherited)",
					"@executable_path/Frameworks",
				);
				PRODUCT_BUNDLE_IDENTIFIER = com.loggerworld.LoggerWorld;
				PRODUCT_NAME = "$(TARGET_NAME)";
				SWIFT_VERSION = 5.0;
				TARGETED_DEVICE_FAMILY = "1,2";
			};
			name = Debug;
		};
		200A666D254E1A4000B74B48 /* Release */ = {
			isa = XCBuildConfiguration;
			baseConfigurationReference = 73234B608739FB512201F178 /* Pods-LoggerWorld.release.xcconfig */;
			buildSettings = {
				ASSETCATALOG_COMPILER_APPICON_NAME = AppIcon;
				ASSETCATALOG_COMPILER_GLOBAL_ACCENT_COLOR_NAME = AccentColor;
				CODE_SIGN_STYLE = Automatic;
				DEVELOPMENT_TEAM = XFZ2ZRANUN;
				INFOPLIST_FILE = LoggerWorld/Info.plist;
				IPHONEOS_DEPLOYMENT_TARGET = 14.0;
				LD_RUNPATH_SEARCH_PATHS = (
					"$(inherited)",
					"@executable_path/Frameworks",
				);
				PRODUCT_BUNDLE_IDENTIFIER = com.loggerworld.LoggerWorld;
				PRODUCT_NAME = "$(TARGET_NAME)";
				SWIFT_VERSION = 5.0;
				TARGETED_DEVICE_FAMILY = "1,2";
			};
			name = Release;
		};
/* End XCBuildConfiguration section */

/* Begin XCConfigurationList section */
		200A664F254E1A3E00B74B48 /* Build configuration list for PBXProject "LoggerWorld" */ = {
			isa = XCConfigurationList;
			buildConfigurations = (
				200A6669254E1A4000B74B48 /* Debug */,
				200A666A254E1A4000B74B48 /* Release */,
			);
			defaultConfigurationIsVisible = 0;
			defaultConfigurationName = Release;
		};
		200A666B254E1A4000B74B48 /* Build configuration list for PBXNativeTarget "LoggerWorld" */ = {
			isa = XCConfigurationList;
			buildConfigurations = (
				200A666C254E1A4000B74B48 /* Debug */,
				200A666D254E1A4000B74B48 /* Release */,
			);
			defaultConfigurationIsVisible = 0;
			defaultConfigurationName = Release;
		};
/* End XCConfigurationList section */

/* Begin XCVersionGroup section */
		200A6660254E1A3E00B74B48 /* LoggerWorld.xcdatamodeld */ = {
			isa = XCVersionGroup;
			children = (
				200A6661254E1A3E00B74B48 /* LoggerWorld.xcdatamodel */,
			);
			currentVersion = 200A6661254E1A3E00B74B48 /* LoggerWorld.xcdatamodel */;
			path = LoggerWorld.xcdatamodeld;
			sourceTree = "<group>";
			versionGroupType = wrapper.xcdatamodel;
		};
/* End XCVersionGroup section */
	};
	rootObject = 200A664C254E1A3E00B74B48 /* Project object */;
}
