PODS:
  - ObjectMapper (4.2.0)
  - R.swift (5.3.0):
    - R.swift.Library (~> 5.3.0)
  - R.swift.Library (5.3.0)
  - SDWebImage (5.9.4):
    - SDWebImage/Core (= 5.9.4)
  - SDWebImage/Core (5.9.4)
  - Starscream (4.0.4)

DEPENDENCIES:
  - ObjectMapper
  - R.swift
  - SDWebImage
  - Starscream

SPEC REPOS:
  trunk:
    - ObjectMapper
    - R.swift
    - R.swift.Library
    - SDWebImage
    - Starscream

SPEC CHECKSUMS:
  ObjectMapper: 1eb41f610210777375fa806bf161dc39fb832b81
  R.swift: 4170fb7161c67be3bc1a847040b79367d69c419f
  R.swift.Library: 0fc583cb55a99e28901299cc451614cad1161962
  SDWebImage: b69257f4ab14e9b6a2ef53e910fdf914d8f757c1
  Starscream: 5178aed56b316f13fa3bc55694e583d35dd414d9

PODFILE CHECKSUM: 97e6e40097a9db0fe9171a64ec904742cba12029

COCOAPODS: 1.10.0
